github.com/alecthomas/assert/v2 v2.3.0 h1:mAsH2wmvjsuvyBvAmCtm7zFsBlb8mIHx5ySLVdDZXL0=
github.com/alecthomas/assert/v2 v2.3.0/go.mod h1:pXcQ2Asjp247dahGEmsZ6ru0UVwnkhktn7S0bBDLxvQ=
github.com/alecthomas/kong v0.8.0 h1:ryDCzutfIqJPnNn0omnrgHLbAggDQM2VWHikE1xqK7s=
github.com/alecthomas/kong v0.8.0/go.mod h1:n1iCIO2xS46oE8ZfYCNDqdR0b0wZNrXAIAqro/2132U=
github.com/alecthomas/participle/v2 v2.1.0 h1:z7dElHRrOEEq45F2TG5cbQihMtNTv8vwldytDj7Wrz4=
github.com/alecthomas/participle/v2 v2.1.0/go.mod h1:Y1+hAs8DHPmc3YUFzqllV+eSQ9ljPTk0ZkPMtEdAx2c=
github.com/alecthomas/repr v0.2.0 h1:HAzS41CIzNW5syS8Mf9UwXhNH1J9aix/BvDRf1Ml2Yk=
github.com/alecthomas/repr v0.2.0/go.mod h1:Fr0507jx4eOXV7AlPV6AVZLYrLIuIeSOWtW57eE/O/4=
github.com/bmatcuk/doublestar/v4 v4.6.0 h1:HTuxyug8GyFbRkrffIpzNCSK4luc0TY3wzXvzIZhEXc=
github.com/bmatcuk/doublestar/v4 v4.6.0/go.mod h1:xBQ8jztBU6kakFMg+8WGxn0c6z1fTSPVIjEY1Wr7jzc=
github.com/creack/pty v1.1.18 h1:n56/Zwd5o6whRC5PMGretI4IdRLlmBXYNjScPaBgsbY=
github.com/creack/pty v1.1.18/go.mod h1:MOBLtS5ELjhRRrroQr9kyvTxUAFNvYEK993ew/Vr4O4=
github.com/hexops/gotextdiff v1.0.3 h1:gitA9+qJrrTCsiCl7+kh75nPqQt1cx4ZkudSTLoUqJM=
github.com/hexops/gotextdiff v1.0.3/go.mod h1:pSWU5MAI3yDq+fZBTazCSJysOMbxWL1BSow5/V2vxeg=
github.com/kballard/go-shellquote v0.0.0-20180428030007-95032a82bc51 h1:Z9n2FFNUXsshfwJMBgNA0RU6/i7WVaAegv3PtuIHPMs=
github.com/kballard/go-shellquote v0.0.0-20180428030007-95032a82bc51/go.mod h1:CzGEWj7cYgsdH8dAjBGEr58BoE7ScuLd+fwFZ44+/x8=
github.com/lithammer/dedent v1.1.0 h1:VNzHMVCBNG1j0fh3OrsFRkVUwStdDArbgBWoPAffktY=
github.com/lithammer/dedent v1.1.0/go.mod h1:jrXYCQtgg0nJiN+StA2KgR7w6CiQNv9Fd/Z9BP0jIOc=
github.com/mattn/go-isatty v0.0.19 h1:JITubQf0MOLdlGRuRq+jtsDlekdYPia9ZFsB8h/APPA=
github.com/mattn/go-isatty v0.0.19/go.mod h1:W+V8PltTTMOvKvAeJH7IuucS94S2C6jfK/D7dTCTo3Y=
golang.design/x/reflect v0.0.0-20220504060917-02c43be63f3b h1:lkOPTy76R9NZ6FeDQWkDj3NsLtD8Csc9AAFYEl3kiME=
golang.design/x/reflect v0.0.0-20220504060917-02c43be63f3b/go.mod h1:QXG482h3unP32W/YwIPOc+09bvY447B7T+iLjC/JPcA=
golang.org/x/sys v0.6.0 h1:MVltZSvRTcU2ljQOhs94SXPftV6DCNnZViHeQps87pQ=
golang.org/x/sys v0.6.0/go.mod h1:oPkhp1MJrh7nUepCBck5+mAzfO9JrbApNNgaTdGDITg=
